// !$*UTF8*$!
{
	archiveVersion = 1;
	classes = {
	};
	objectVersion = 77;
	objects = {

/* Begin PBXBuildFile section */
		42676AF02FA3BBDD007D7F69 /* Sparkle in Frameworks */ = {isa = PBXBuildFile; productRef = 42676AEF2FA3BBDD007D7F69 /* Sparkle */; };
		42D45BBB2EF64A5000A51EA8 /* WidgetKit.framework in Frameworks */ = {isa = PBXBuildFile; fileRef = 42D45BBA2EF64A5000A51EA8 /* WidgetKit.framework */; };
		42D45BBD2EF64A5000A51EA8 /* SwiftUI.framework in Frameworks */ = {isa = PBXBuildFile; fileRef = 42D45BBC2EF64A5000A51EA8 /* SwiftUI.framework */; };
		42D45BCC2EF64A5100A51EA8 /* AgentLimitsWidgetExtension.appex in Embed Foundation Extensions */ = {isa = PBXBuildFile; fileRef = 42D45BB82EF64A5000A51EA8 /* AgentLimitsWidgetExtension.appex */; settings = {ATTRIBUTES = (RemoveHeadersOnCopy, ); }; };
		B20000000000000000000006 /* GitHubAgentTaskFetcher.swift in Sources */ = {isa = PBXBuildFile; fileRef = B20000000000000000000004 /* GitHubAgentTaskFetcher.swift */; };
		B20000000000000000000007 /* agentlimits.icon in Resources */ = {isa = PBXBuildFile; fileRef = B20000000000000000000005 /* agentlimits.icon */; };
		D30000000000000000000014 /* AgentLimitsWatch.app in Embed Watch Content */ = {isa = PBXBuildFile; fileRef = D30000000000000000000001 /* AgentLimitsWatch.app */; settings = {ATTRIBUTES = (RemoveHeadersOnCopy, ); }; };
		D30000000000000000000016 /* agentlimits.icon in Resources */ = {isa = PBXBuildFile; fileRef = B20000000000000000000005 /* agentlimits.icon */; };
		E40000000000000000000003 /* LICENSE in Resources */ = {isa = PBXBuildFile; fileRef = E40000000000000000000001 /* LICENSE */; };
		E40000000000000000000004 /* THIRD_PARTY_NOTICES.md in Resources */ = {isa = PBXBuildFile; fileRef = E40000000000000000000002 /* THIRD_PARTY_NOTICES.md */; };
		E40000000000000000000005 /* LICENSE in Resources */ = {isa = PBXBuildFile; fileRef = E40000000000000000000001 /* LICENSE */; };
		E40000000000000000000006 /* LICENSE in Resources */ = {isa = PBXBuildFile; fileRef = E40000000000000000000001 /* LICENSE */; };
/* End PBXBuildFile section */

/* Begin PBXContainerItemProxy section */
		A1000000000000000000000A /* PBXContainerItemProxy */ = {
			isa = PBXContainerItemProxy;
			containerPortal = 42D45B822EF649FD00A51EA8 /* Project object */;
			proxyType = 1;
			remoteGlobalIDString = 42D45B892EF649FE00A51EA8;
			remoteInfo = AgentLimits;
		};
		42D45BCA2EF64A5100A51EA8 /* PBXContainerItemProxy */ = {
			isa = PBXContainerItemProxy;
			containerPortal = 42D45B822EF649FD00A51EA8 /* Project object */;
			proxyType = 1;
			remoteGlobalIDString = 42D45BB72EF64A5000A51EA8;
			remoteInfo = AgentLimitsWidgetExtension;
		};
		B20000000000000000000008 /* PBXContainerItemProxy */ = {
			isa = PBXContainerItemProxy;
			containerPortal = 42D45B822EF649FD00A51EA8 /* Project object */;
			proxyType = 1;
			remoteGlobalIDString = B20000000000000000000016;
			remoteInfo = AgentLimitsiOS;
		};
		B20000000000000000000010 /* PBXContainerItemProxy */ = {
			isa = PBXContainerItemProxy;
			containerPortal = 42D45B822EF649FD00A51EA8 /* Project object */;
			proxyType = 1;
			remoteGlobalIDString = B20000000000000000000016;
			remoteInfo = AgentLimitsiOS;
		};
		D30000000000000000000017 /* PBXContainerItemProxy */ = {
			isa = PBXContainerItemProxy;
			containerPortal = 42D45B822EF649FD00A51EA8 /* Project object */;
			proxyType = 1;
			remoteGlobalIDString = D30000000000000000000008;
			remoteInfo = AgentLimitsWatch;
		};
		D30000000000000000000019 /* PBXContainerItemProxy */ = {
			isa = PBXContainerItemProxy;
			containerPortal = 42D45B822EF649FD00A51EA8 /* Project object */;
			proxyType = 1;
			remoteGlobalIDString = D30000000000000000000008;
			remoteInfo = AgentLimitsWatch;
		};
		D3000000000000000000001B /* PBXContainerItemProxy */ = {
			isa = PBXContainerItemProxy;
			containerPortal = 42D45B822EF649FD00A51EA8 /* Project object */;
			proxyType = 1;
			remoteGlobalIDString = D30000000000000000000008;
			remoteInfo = AgentLimitsWatch;
		};
/* End PBXContainerItemProxy section */

/* Begin PBXCopyFilesBuildPhase section */
		42D45BD12EF64A5100A51EA8 /* Embed Foundation Extensions */ = {
			isa = PBXCopyFilesBuildPhase;
			buildActionMask = 2147483647;
			dstPath = "";
			dstSubfolderSpec = 13;
			files = (
				42D45BCC2EF64A5100A51EA8 /* AgentLimitsWidgetExtension.appex in Embed Foundation Extensions */,
			);
			name = "Embed Foundation Extensions";
			runOnlyForDeploymentPostprocessing = 0;
		};
		D30000000000000000000015 /* Embed Watch Content */ = {
			isa = PBXCopyFilesBuildPhase;
			buildActionMask = 2147483647;
			dstPath = "$(CONTENTS_FOLDER_PATH)/Watch";
			dstSubfolderSpec = 16;
			files = (
				D30000000000000000000014 /* AgentLimitsWatch.app in Embed Watch Content */,
			);
			name = "Embed Watch Content";
			runOnlyForDeploymentPostprocessing = 0;
		};
/* End PBXCopyFilesBuildPhase section */

/* Begin PBXFileReference section */
		A10000000000000000000001 /* AgentLimitsTests.xctest */ = {isa = PBXFileReference; explicitFileType = wrapper.cfbundle; includeInIndex = 0; path = AgentLimitsTests.xctest; sourceTree = BUILT_PRODUCTS_DIR; };
		42D45B8A2EF649FE00A51EA8 /* AgentLimitsForked.app */ = {isa = PBXFileReference; explicitFileType = wrapper.application; includeInIndex = 0; path = AgentLimitsForked.app; sourceTree = BUILT_PRODUCTS_DIR; };
		42D45BB82EF64A5000A51EA8 /* AgentLimitsWidgetExtension.appex */ = {isa = PBXFileReference; explicitFileType = "wrapper.app-extension"; includeInIndex = 0; path = AgentLimitsWidgetExtension.appex; sourceTree = BUILT_PRODUCTS_DIR; };
		42D45BBA2EF64A5000A51EA8 /* WidgetKit.framework */ = {isa = PBXFileReference; lastKnownFileType = wrapper.framework; name = WidgetKit.framework; path = System/Library/Frameworks/WidgetKit.framework; sourceTree = SDKROOT; };
		42D45BBC2EF64A5000A51EA8 /* SwiftUI.framework */ = {isa = PBXFileReference; lastKnownFileType = wrapper.framework; name = SwiftUI.framework; path = System/Library/Frameworks/SwiftUI.framework; sourceTree = SDKROOT; };
		7A1B2C3D4E5F678901234567 /* Configurations/DevelopmentTeam.xcconfig */ = {isa = PBXFileReference; lastKnownFileType = text.xcconfig; path = Configurations/DevelopmentTeam.xcconfig; sourceTree = "<group>"; };
		B20000000000000000000001 /* AgentLimits.app */ = {isa = PBXFileReference; explicitFileType = wrapper.application; includeInIndex = 0; path = AgentLimits.app; sourceTree = BUILT_PRODUCTS_DIR; };
		B20000000000000000000002 /* AgentLimitsiOSTests.xctest */ = {isa = PBXFileReference; explicitFileType = wrapper.cfbundle; includeInIndex = 0; path = AgentLimitsiOSTests.xctest; sourceTree = BUILT_PRODUCTS_DIR; };
		B20000000000000000000003 /* AgentLimitsiOSUITests.xctest */ = {isa = PBXFileReference; explicitFileType = wrapper.cfbundle; includeInIndex = 0; path = AgentLimitsiOSUITests.xctest; sourceTree = BUILT_PRODUCTS_DIR; };
		B20000000000000000000004 /* GitHubAgentTaskFetcher.swift */ = {isa = PBXFileReference; lastKnownFileType = sourcecode.swift; path = AgentLimits/Activity/GitHubAgentTaskFetcher.swift; sourceTree = SOURCE_ROOT; };
		B20000000000000000000005 /* agentlimits.icon */ = {isa = PBXFileReference; lastKnownFileType = folder.iconcomposer.icon; path = AgentLimits/agentlimits.icon; sourceTree = SOURCE_ROOT; };
		D30000000000000000000001 /* AgentLimitsWatch.app */ = {isa = PBXFileReference; explicitFileType = wrapper.application; includeInIndex = 0; path = AgentLimitsWatch.app; sourceTree = BUILT_PRODUCTS_DIR; };
		D30000000000000000000002 /* AgentLimitsWatchTests.xctest */ = {isa = PBXFileReference; explicitFileType = wrapper.cfbundle; includeInIndex = 0; path = AgentLimitsWatchTests.xctest; sourceTree = BUILT_PRODUCTS_DIR; };
		D30000000000000000000003 /* AgentLimitsWatchUITests.xctest */ = {isa = PBXFileReference; explicitFileType = wrapper.cfbundle; includeInIndex = 0; path = AgentLimitsWatchUITests.xctest; sourceTree = BUILT_PRODUCTS_DIR; };
		E40000000000000000000001 /* LICENSE */ = {isa = PBXFileReference; lastKnownFileType = text; path = LICENSE; sourceTree = SOURCE_ROOT; };
		E40000000000000000000002 /* THIRD_PARTY_NOTICES.md */ = {isa = PBXFileReference; lastKnownFileType = net.daringfireball.markdown; path = THIRD_PARTY_NOTICES.md; sourceTree = SOURCE_ROOT; };
/* End PBXFileReference section */

/* Begin PBXFileSystemSynchronizedBuildFileExceptionSet section */
		42D45B8C2EF649FE00A51EA9 /* Exceptions for "AgentLimits" folder in "AgentLimits" target */ = {
			isa = PBXFileSystemSynchronizedBuildFileExceptionSet;
			membershipExceptions = (
				Info.plist,
			);
			target = 42D45B892EF649FE00A51EA8 /* AgentLimits */;
		};
		42D45BCD2EF64A5100A51EA8 /* Exceptions for "AgentLimitsWidget" folder in "AgentLimitsWidgetExtension" target */ = {
			isa = PBXFileSystemSynchronizedBuildFileExceptionSet;
			membershipExceptions = (
				Info.plist,
			);
			target = 42D45BB72EF64A5000A51EA8 /* AgentLimitsWidgetExtension */;
		};
		B20000000000000000000037 /* Exceptions for "AgentLimitsiOS" folder in "AgentLimitsiOS" target */ = {
			isa = PBXFileSystemSynchronizedBuildFileExceptionSet;
			membershipExceptions = (
				Info.plist,
			);
			target = B20000000000000000000016 /* AgentLimitsiOS */;
		};
		D30000000000000000000026 /* Exceptions for "AgentLimitsWatch" folder in "AgentLimitsWatch" target */ = {
			isa = PBXFileSystemSynchronizedBuildFileExceptionSet;
			membershipExceptions = (
				Info.plist,
			);
			target = D30000000000000000000008 /* AgentLimitsWatch */;
		};
/* End PBXFileSystemSynchronizedBuildFileExceptionSet section */

/* Begin PBXFileSystemSynchronizedRootGroup section */
		A10000000000000000000002 /* AgentLimitsTests */ = {
			isa = PBXFileSystemSynchronizedRootGroup;
			path = AgentLimitsTests;
			sourceTree = "<group>";
		};
		01349414347243A598E67AD9 /* AgentLimitsShared */ = {
			isa = PBXFileSystemSynchronizedRootGroup;
			path = AgentLimitsShared;
			sourceTree = "<group>";
		};
		42D45B8C2EF649FE00A51EA8 /* AgentLimits */ = {
			isa = PBXFileSystemSynchronizedRootGroup;
			exceptions = (
				42D45B8C2EF649FE00A51EA9 /* Exceptions for "AgentLimits" folder in "AgentLimits" target */,
			);
			path = AgentLimits;
			sourceTree = "<group>";
		};
		42D45BBE2EF64A5000A51EA8 /* AgentLimitsWidget */ = {
			isa = PBXFileSystemSynchronizedRootGroup;
			exceptions = (
				42D45BCD2EF64A5100A51EA8 /* Exceptions for "AgentLimitsWidget" folder in "AgentLimitsWidgetExtension" target */,
			);
			path = AgentLimitsWidget;
			sourceTree = "<group>";
		};
		B20000000000000000000012 /* AgentLimitsiOS */ = {
			isa = PBXFileSystemSynchronizedRootGroup;
			exceptions = (
				B20000000000000000000037 /* Exceptions for "AgentLimitsiOS" folder in "AgentLimitsiOS" target */,
			);
			path = AgentLimitsiOS;
			sourceTree = "<group>";
		};
		B20000000000000000000013 /* AgentLimitsiOSTests */ = {
			isa = PBXFileSystemSynchronizedRootGroup;
			path = AgentLimitsiOSTests;
			sourceTree = "<group>";
		};
		B20000000000000000000014 /* AgentLimitsiOSUITests */ = {
			isa = PBXFileSystemSynchronizedRootGroup;
			path = AgentLimitsiOSUITests;
			sourceTree = "<group>";
		};
		D30000000000000000000004 /* AgentLimitsCompanionShared */ = {
			isa = PBXFileSystemSynchronizedRootGroup;
			path = AgentLimitsCompanionShared;
			sourceTree = "<group>";
		};
		D30000000000000000000005 /* AgentLimitsWatch */ = {
			isa = PBXFileSystemSynchronizedRootGroup;
			exceptions = (
				D30000000000000000000026 /* Exceptions for "AgentLimitsWatch" folder in "AgentLimitsWatch" target */,
			);
			path = AgentLimitsWatch;
			sourceTree = "<group>";
		};
		D30000000000000000000006 /* AgentLimitsWatchTests */ = {
			isa = PBXFileSystemSynchronizedRootGroup;
			path = AgentLimitsWatchTests;
			sourceTree = "<group>";
		};
		D30000000000000000000007 /* AgentLimitsWatchUITests */ = {
			isa = PBXFileSystemSynchronizedRootGroup;
			path = AgentLimitsWatchUITests;
			sourceTree = "<group>";
		};
/* End PBXFileSystemSynchronizedRootGroup section */

/* Begin PBXFrameworksBuildPhase section */
		A10000000000000000000005 /* Frameworks */ = {
			isa = PBXFrameworksBuildPhase;
			buildActionMask = 2147483647;
			files = (
			);
			runOnlyForDeploymentPostprocessing = 0;
		};
		42D45B872EF649FE00A51EA8 /* Frameworks */ = {
			isa = PBXFrameworksBuildPhase;
			buildActionMask = 2147483647;
			files = (
				42676AF02FA3BBDD007D7F69 /* Sparkle in Frameworks */,
			);
			runOnlyForDeploymentPostprocessing = 0;
		};
		42D45BB52EF64A5000A51EA8 /* Frameworks */ = {
			isa = PBXFrameworksBuildPhase;
			buildActionMask = 2147483647;
			files = (
				42D45BBD2EF64A5000A51EA8 /* SwiftUI.framework in Frameworks */,
				42D45BBB2EF64A5000A51EA8 /* WidgetKit.framework in Frameworks */,
			);
			runOnlyForDeploymentPostprocessing = 0;
		};
		B20000000000000000000020 /* Frameworks */ = {
			isa = PBXFrameworksBuildPhase;
			buildActionMask = 2147483647;
			files = (
			);
			runOnlyForDeploymentPostprocessing = 0;
		};
		B20000000000000000000023 /* Frameworks */ = {
			isa = PBXFrameworksBuildPhase;
			buildActionMask = 2147483647;
			files = (
			);
			runOnlyForDeploymentPostprocessing = 0;
		};
		B20000000000000000000026 /* Frameworks */ = {
			isa = PBXFrameworksBuildPhase;
			buildActionMask = 2147483647;
			files = (
			);
			runOnlyForDeploymentPostprocessing = 0;
		};
		D3000000000000000000000C /* Frameworks */ = {
			isa = PBXFrameworksBuildPhase;
			buildActionMask = 2147483647;
			files = (
			);
			runOnlyForDeploymentPostprocessing = 0;
		};
		D3000000000000000000000F /* Frameworks */ = {
			isa = PBXFrameworksBuildPhase;
			buildActionMask = 2147483647;
			files = (
			);
			runOnlyForDeploymentPostprocessing = 0;
		};
		D30000000000000000000012 /* Frameworks */ = {
			isa = PBXFrameworksBuildPhase;
			buildActionMask = 2147483647;
			files = (
			);
			runOnlyForDeploymentPostprocessing = 0;
		};
/* End PBXFrameworksBuildPhase section */

/* Begin PBXGroup section */
		42D45B812EF649FD00A51EA8 = {
			isa = PBXGroup;
			children = (
				E40000000000000000000001 /* LICENSE */,
				E40000000000000000000002 /* THIRD_PARTY_NOTICES.md */,
				7A1B2C3D4E5F678901234568 /* Configurations */,
				42D45B8C2EF649FE00A51EA8 /* AgentLimits */,
				01349414347243A598E67AD9 /* AgentLimitsShared */,
				42D45BBE2EF64A5000A51EA8 /* AgentLimitsWidget */,
				A10000000000000000000002 /* AgentLimitsTests */,
				B20000000000000000000012 /* AgentLimitsiOS */,
				B20000000000000000000013 /* AgentLimitsiOSTests */,
				B20000000000000000000014 /* AgentLimitsiOSUITests */,
				B20000000000000000000015 /* Shared Mobile Sources */,
				D30000000000000000000004 /* AgentLimitsCompanionShared */,
				D30000000000000000000005 /* AgentLimitsWatch */,
				D30000000000000000000006 /* AgentLimitsWatchTests */,
				D30000000000000000000007 /* AgentLimitsWatchUITests */,
				42D45BB92EF64A5000A51EA8 /* Frameworks */,
				42D45B8B2EF649FE00A51EA8 /* Products */,
			);
			sourceTree = "<group>";
		};
		42D45B8B2EF649FE00A51EA8 /* Products */ = {
			isa = PBXGroup;
			children = (
				42D45B8A2EF649FE00A51EA8 /* AgentLimitsForked.app */,
				42D45BB82EF64A5000A51EA8 /* AgentLimitsWidgetExtension.appex */,
				A10000000000000000000001 /* AgentLimitsTests.xctest */,
				B20000000000000000000001 /* AgentLimits.app */,
				B20000000000000000000002 /* AgentLimitsiOSTests.xctest */,
				B20000000000000000000003 /* AgentLimitsiOSUITests.xctest */,
				D30000000000000000000001 /* AgentLimitsWatch.app */,
				D30000000000000000000002 /* AgentLimitsWatchTests.xctest */,
				D30000000000000000000003 /* AgentLimitsWatchUITests.xctest */,
			);
			name = Products;
			sourceTree = "<group>";
		};
		42D45BB92EF64A5000A51EA8 /* Frameworks */ = {
			isa = PBXGroup;
			children = (
				42D45BBA2EF64A5000A51EA8 /* WidgetKit.framework */,
				42D45BBC2EF64A5000A51EA8 /* SwiftUI.framework */,
			);
			name = Frameworks;
			sourceTree = "<group>";
		};
		7A1B2C3D4E5F678901234568 /* Configurations */ = {
			isa = PBXGroup;
			children = (
				7A1B2C3D4E5F678901234567 /* Configurations/DevelopmentTeam.xcconfig */,
			);
			name = Configurations;
			sourceTree = "<group>";
		};
		B20000000000000000000015 /* Shared Mobile Sources */ = {
			isa = PBXGroup;
			children = (
				B20000000000000000000004 /* GitHubAgentTaskFetcher.swift */,
				B20000000000000000000005 /* agentlimits.icon */,
			);
			name = "Shared Mobile Sources";
			sourceTree = "<group>";
		};
/* End PBXGroup section */

/* Begin PBXNativeTarget section */
		A10000000000000000000003 /* AgentLimitsTests */ = {
			isa = PBXNativeTarget;
			buildConfigurationList = A10000000000000000000007 /* Build configuration list for PBXNativeTarget "AgentLimitsTests" */;
			buildPhases = (
				A10000000000000000000004 /* Sources */,
				A10000000000000000000005 /* Frameworks */,
				A10000000000000000000006 /* Resources */,
			);
			buildRules = (
			);
			dependencies = (
				A1000000000000000000000B /* PBXTargetDependency */,
			);
			fileSystemSynchronizedGroups = (
				A10000000000000000000002 /* AgentLimitsTests */,
			);
			name = AgentLimitsTests;
			packageProductDependencies = (
			);
			productName = AgentLimitsTests;
			productReference = A10000000000000000000001 /* AgentLimitsTests.xctest */;
			productType = "com.apple.product-type.bundle.unit-test";
		};
		42D45B892EF649FE00A51EA8 /* AgentLimits */ = {
			isa = PBXNativeTarget;
			buildConfigurationList = 42D45BAB2EF649FF00A51EA8 /* Build configuration list for PBXNativeTarget "AgentLimits" */;
			buildPhases = (
				42D45B862EF649FE00A51EA8 /* Sources */,
				42D45B872EF649FE00A51EA8 /* Frameworks */,
				42D45B882EF649FE00A51EA8 /* Resources */,
				42D45BD12EF64A5100A51EA8 /* Embed Foundation Extensions */,
			);
			buildRules = (
			);
			dependencies = (
				42D45BCB2EF64A5100A51EA8 /* PBXTargetDependency */,
			);
			fileSystemSynchronizedGroups = (
				01349414347243A598E67AD9 /* AgentLimitsShared */,
				42D45B8C2EF649FE00A51EA8 /* AgentLimits */,
			);
			name = AgentLimits;
			packageProductDependencies = (
				42676AEF2FA3BBDD007D7F69 /* Sparkle */,
			);
			productName = AgentLimits;
			productReference = 42D45B8A2EF649FE00A51EA8 /* AgentLimitsForked.app */;
			productType = "com.apple.product-type.application";
		};
		42D45BB72EF64A5000A51EA8 /* AgentLimitsWidgetExtension */ = {
			isa = PBXNativeTarget;
			buildConfigurationList = 42D45BCE2EF64A5100A51EA8 /* Build configuration list for PBXNativeTarget "AgentLimitsWidgetExtension" */;
			buildPhases = (
				42D45BB42EF64A5000A51EA8 /* Sources */,
				42D45BB52EF64A5000A51EA8 /* Frameworks */,
				42D45BB62EF64A5000A51EA8 /* Resources */,
			);
			buildRules = (
			);
			dependencies = (
			);
			fileSystemSynchronizedGroups = (
				01349414347243A598E67AD9 /* AgentLimitsShared */,
				42D45BBE2EF64A5000A51EA8 /* AgentLimitsWidget */,
			);
			name = AgentLimitsWidgetExtension;
			packageProductDependencies = (
			);
			productName = AgentLimitsWidgetExtension;
			productReference = 42D45BB82EF64A5000A51EA8 /* AgentLimitsWidgetExtension.appex */;
			productType = "com.apple.product-type.app-extension";
		};
		B20000000000000000000016 /* AgentLimitsiOS */ = {
			isa = PBXNativeTarget;
			buildConfigurationList = B20000000000000000000030 /* Build configuration list for PBXNativeTarget "AgentLimitsiOS" */;
			buildPhases = (
				B20000000000000000000019 /* Sources */,
				B20000000000000000000020 /* Frameworks */,
				B20000000000000000000021 /* Resources */,
				D30000000000000000000015 /* Embed Watch Content */,
			);
			buildRules = (
			);
			dependencies = (
				D30000000000000000000018 /* PBXTargetDependency */,
			);
			fileSystemSynchronizedGroups = (
				D30000000000000000000004 /* AgentLimitsCompanionShared */,
				B20000000000000000000012 /* AgentLimitsiOS */,
			);
			name = AgentLimitsiOS;
			packageProductDependencies = (
			);
			productName = AgentLimitsiOS;
			productReference = B20000000000000000000001 /* AgentLimits.app */;
			productType = "com.apple.product-type.application";
		};
		B20000000000000000000017 /* AgentLimitsiOSTests */ = {
			isa = PBXNativeTarget;
			buildConfigurationList = B20000000000000000000033 /* Build configuration list for PBXNativeTarget "AgentLimitsiOSTests" */;
			buildPhases = (
				B20000000000000000000022 /* Sources */,
				B20000000000000000000023 /* Frameworks */,
				B20000000000000000000024 /* Resources */,
			);
			buildRules = (
			);
			dependencies = (
				B20000000000000000000009 /* PBXTargetDependency */,
			);
			fileSystemSynchronizedGroups = (
				B20000000000000000000013 /* AgentLimitsiOSTests */,
			);
			name = AgentLimitsiOSTests;
			packageProductDependencies = (
			);
			productName = AgentLimitsiOSTests;
			productReference = B20000000000000000000002 /* AgentLimitsiOSTests.xctest */;
			productType = "com.apple.product-type.bundle.unit-test";
		};
		B20000000000000000000018 /* AgentLimitsiOSUITests */ = {
			isa = PBXNativeTarget;
			buildConfigurationList = B20000000000000000000036 /* Build configuration list for PBXNativeTarget "AgentLimitsiOSUITests" */;
			buildPhases = (
				B20000000000000000000025 /* Sources */,
				B20000000000000000000026 /* Frameworks */,
				B20000000000000000000027 /* Resources */,
			);
			buildRules = (
			);
			dependencies = (
				B20000000000000000000011 /* PBXTargetDependency */,
			);
			fileSystemSynchronizedGroups = (
				B20000000000000000000014 /* AgentLimitsiOSUITests */,
			);
			name = AgentLimitsiOSUITests;
			packageProductDependencies = (
			);
			productName = AgentLimitsiOSUITests;
			productReference = B20000000000000000000003 /* AgentLimitsiOSUITests.xctest */;
			productType = "com.apple.product-type.bundle.ui-testing";
		};
		D30000000000000000000008 /* AgentLimitsWatch */ = {
			isa = PBXNativeTarget;
			buildConfigurationList = D3000000000000000000001F /* Build configuration list for PBXNativeTarget "AgentLimitsWatch" */;
			buildPhases = (
				D3000000000000000000000B /* Sources */,
				D3000000000000000000000C /* Frameworks */,
				D3000000000000000000000D /* Resources */,
			);
			buildRules = (
			);
			dependencies = (
			);
			fileSystemSynchronizedGroups = (
				D30000000000000000000004 /* AgentLimitsCompanionShared */,
				D30000000000000000000005 /* AgentLimitsWatch */,
			);
			name = AgentLimitsWatch;
			packageProductDependencies = (
			);
			productName = AgentLimitsWatch;
			productReference = D30000000000000000000001 /* AgentLimitsWatch.app */;
			productType = "com.apple.product-type.application";
		};
		D30000000000000000000009 /* AgentLimitsWatchTests */ = {
			isa = PBXNativeTarget;
			buildConfigurationList = D30000000000000000000022 /* Build configuration list for PBXNativeTarget "AgentLimitsWatchTests" */;
			buildPhases = (
				D3000000000000000000000E /* Sources */,
				D3000000000000000000000F /* Frameworks */,
				D30000000000000000000010 /* Resources */,
			);
			buildRules = (
			);
			dependencies = (
				D3000000000000000000001A /* PBXTargetDependency */,
			);
			fileSystemSynchronizedGroups = (
				D30000000000000000000006 /* AgentLimitsWatchTests */,
			);
			name = AgentLimitsWatchTests;
			packageProductDependencies = (
			);
			productName = AgentLimitsWatchTests;
			productReference = D30000000000000000000002 /* AgentLimitsWatchTests.xctest */;
			productType = "com.apple.product-type.bundle.unit-test";
		};
		D3000000000000000000000A /* AgentLimitsWatchUITests */ = {
			isa = PBXNativeTarget;
			buildConfigurationList = D30000000000000000000025 /* Build configuration list for PBXNativeTarget "AgentLimitsWatchUITests" */;
			buildPhases = (
				D30000000000000000000011 /* Sources */,
				D30000000000000000000012 /* Frameworks */,
				D30000000000000000000013 /* Resources */,
			);
			buildRules = (
			);
			dependencies = (
				D3000000000000000000001C /* PBXTargetDependency */,
			);
			fileSystemSynchronizedGroups = (
				D30000000000000000000007 /* AgentLimitsWatchUITests */,
			);
			name = AgentLimitsWatchUITests;
			packageProductDependencies = (
			);
			productName = AgentLimitsWatchUITests;
			productReference = D30000000000000000000003 /* AgentLimitsWatchUITests.xctest */;
			productType = "com.apple.product-type.bundle.ui-testing";
		};
/* End PBXNativeTarget section */

/* Begin PBXProject section */
		42D45B822EF649FD00A51EA8 /* Project object */ = {
			isa = PBXProject;
			attributes = {
				BuildIndependentTargetsInParallel = 1;
				LastSwiftUpdateCheck = 2620;
				LastUpgradeCheck = 2640;
				TargetAttributes = {
					A10000000000000000000003 = {
						CreatedOnToolsVersion = 26.6;
						TestTargetID = 42D45B892EF649FE00A51EA8;
					};
					42D45B892EF649FE00A51EA8 = {
						CreatedOnToolsVersion = 26.2;
					};
					42D45BB72EF64A5000A51EA8 = {
						CreatedOnToolsVersion = 26.2;
					};
					B20000000000000000000016 = {
						CreatedOnToolsVersion = 26.6;
					};
					B20000000000000000000017 = {
						CreatedOnToolsVersion = 26.6;
						TestTargetID = B20000000000000000000016;
					};
					B20000000000000000000018 = {
						CreatedOnToolsVersion = 26.6;
						TestTargetID = B20000000000000000000016;
					};
					D30000000000000000000008 = {
						CreatedOnToolsVersion = 26.6;
					};
					D30000000000000000000009 = {
						CreatedOnToolsVersion = 26.6;
						TestTargetID = D30000000000000000000008;
					};
					D3000000000000000000000A = {
						CreatedOnToolsVersion = 26.6;
						TestTargetID = D30000000000000000000008;
					};
				};
			};
			buildConfigurationList = 42D45B852EF649FD00A51EA8 /* Build configuration list for PBXProject "AgentLimits" */;
			developmentRegion = en;
			hasScannedForEncodings = 0;
			knownRegions = (
				en,
				Base,
				ja,
				de,
				es,
				fr,
				"pt-BR",
				ko,
				"zh-Hans",
				"zh-Hant",
				pl,
				it,
				nl,
				tr,
				uk,
			);
			mainGroup = 42D45B812EF649FD00A51EA8;
			minimizedProjectReferenceProxies = 1;
			packageReferences = (
				42676AEE2FA3BBDD007D7F69 /* XCRemoteSwiftPackageReference "Sparkle" */,
			);
			preferredProjectObjectVersion = 77;
			productRefGroup = 42D45B8B2EF649FE00A51EA8 /* Products */;
			projectDirPath = "";
			projectRoot = "";
			targets = (
				42D45B892EF649FE00A51EA8 /* AgentLimits */,
				42D45BB72EF64A5000A51EA8 /* AgentLimitsWidgetExtension */,
				A10000000000000000000003 /* AgentLimitsTests */,
				B20000000000000000000016 /* AgentLimitsiOS */,
				B20000000000000000000017 /* AgentLimitsiOSTests */,
				B20000000000000000000018 /* AgentLimitsiOSUITests */,
				D30000000000000000000008 /* AgentLimitsWatch */,
				D30000000000000000000009 /* AgentLimitsWatchTests */,
				D3000000000000000000000A /* AgentLimitsWatchUITests */,
			);
		};
/* End PBXProject section */

/* Begin PBXResourcesBuildPhase section */
		A10000000000000000000006 /* Resources */ = {
			isa = PBXResourcesBuildPhase;
			buildActionMask = 2147483647;
			files = (
			);
			runOnlyForDeploymentPostprocessing = 0;
		};
		42D45B882EF649FE00A51EA8 /* Resources */ = {
			isa = PBXResourcesBuildPhase;
			buildActionMask = 2147483647;
			files = (
				E40000000000000000000003 /* LICENSE in Resources */,
				E40000000000000000000004 /* THIRD_PARTY_NOTICES.md in Resources */,
			);
			runOnlyForDeploymentPostprocessing = 0;
		};
		42D45BB62EF64A5000A51EA8 /* Resources */ = {
			isa = PBXResourcesBuildPhase;
			buildActionMask = 2147483647;
			files = (
			);
			runOnlyForDeploymentPostprocessing = 0;
		};
		B20000000000000000000021 /* Resources */ = {
			isa = PBXResourcesBuildPhase;
			buildActionMask = 2147483647;
			files = (
				B20000000000000000000007 /* agentlimits.icon in Resources */,
				E40000000000000000000005 /* LICENSE in Resources */,
			);
			runOnlyForDeploymentPostprocessing = 0;
		};
		B20000000000000000000024 /* Resources */ = {
			isa = PBXResourcesBuildPhase;
			buildActionMask = 2147483647;
			files = (
			);
			runOnlyForDeploymentPostprocessing = 0;
		};
		B20000000000000000000027 /* Resources */ = {
			isa = PBXResourcesBuildPhase;
			buildActionMask = 2147483647;
			files = (
			);
			runOnlyForDeploymentPostprocessing = 0;
		};
		D3000000000000000000000D /* Resources */ = {
			isa = PBXResourcesBuildPhase;
			buildActionMask = 2147483647;
			files = (
				D30000000000000000000016 /* agentlimits.icon in Resources */,
				E40000000000000000000006 /* LICENSE in Resources */,
			);
			runOnlyForDeploymentPostprocessing = 0;
		};
		D30000000000000000000010 /* Resources */ = {
			isa = PBXResourcesBuildPhase;
			buildActionMask = 2147483647;
			files = (
			);
			runOnlyForDeploymentPostprocessing = 0;
		};
		D30000000000000000000013 /* Resources */ = {
			isa = PBXResourcesBuildPhase;
			buildActionMask = 2147483647;
			files = (
			);
			runOnlyForDeploymentPostprocessing = 0;
		};
/* End PBXResourcesBuildPhase section */

/* Begin PBXSourcesBuildPhase section */
		A10000000000000000000004 /* Sources */ = {
			isa = PBXSourcesBuildPhase;
			buildActionMask = 2147483647;
			files = (
			);
			runOnlyForDeploymentPostprocessing = 0;
		};
		42D45B862EF649FE00A51EA8 /* Sources */ = {
			isa = PBXSourcesBuildPhase;
			buildActionMask = 2147483647;
			files = (
			);
			runOnlyForDeploymentPostprocessing = 0;
		};
		42D45BB42EF64A5000A51EA8 /* Sources */ = {
			isa = PBXSourcesBuildPhase;
			buildActionMask = 2147483647;
			files = (
			);
			runOnlyForDeploymentPostprocessing = 0;
		};
		B20000000000000000000019 /* Sources */ = {
			isa = PBXSourcesBuildPhase;
			buildActionMask = 2147483647;
			files = (
				B20000000000000000000006 /* GitHubAgentTaskFetcher.swift in Sources */,
			);
			runOnlyForDeploymentPostprocessing = 0;
		};
		B20000000000000000000022 /* Sources */ = {
			isa = PBXSourcesBuildPhase;
			buildActionMask = 2147483647;
			files = (
			);
			runOnlyForDeploymentPostprocessing = 0;
		};
		B20000000000000000000025 /* Sources */ = {
			isa = PBXSourcesBuildPhase;
			buildActionMask = 2147483647;
			files = (
			);
			runOnlyForDeploymentPostprocessing = 0;
		};
		D3000000000000000000000B /* Sources */ = {
			isa = PBXSourcesBuildPhase;
			buildActionMask = 2147483647;
			files = (
			);
			runOnlyForDeploymentPostprocessing = 0;
		};
		D3000000000000000000000E /* Sources */ = {
			isa = PBXSourcesBuildPhase;
			buildActionMask = 2147483647;
			files = (
			);
			runOnlyForDeploymentPostprocessing = 0;
		};
		D30000000000000000000011 /* Sources */ = {
			isa = PBXSourcesBuildPhase;
			buildActionMask = 2147483647;
			files = (
			);
			runOnlyForDeploymentPostprocessing = 0;
		};
/* End PBXSourcesBuildPhase section */

/* Begin PBXTargetDependency section */
		A1000000000000000000000B /* PBXTargetDependency */ = {
			isa = PBXTargetDependency;
			target = 42D45B892EF649FE00A51EA8 /* AgentLimits */;
			targetProxy = A1000000000000000000000A /* PBXContainerItemProxy */;
		};
		42D45BCB2EF64A5100A51EA8 /* PBXTargetDependency */ = {
			isa = PBXTargetDependency;
			target = 42D45BB72EF64A5000A51EA8 /* AgentLimitsWidgetExtension */;
			targetProxy = 42D45BCA2EF64A5100A51EA8 /* PBXContainerItemProxy */;
		};
		B20000000000000000000009 /* PBXTargetDependency */ = {
			isa = PBXTargetDependency;
			target = B20000000000000000000016 /* AgentLimitsiOS */;
			targetProxy = B20000000000000000000008 /* PBXContainerItemProxy */;
		};
		B20000000000000000000011 /* PBXTargetDependency */ = {
			isa = PBXTargetDependency;
			target = B20000000000000000000016 /* AgentLimitsiOS */;
			targetProxy = B20000000000000000000010 /* PBXContainerItemProxy */;
		};
		D30000000000000000000018 /* PBXTargetDependency */ = {
			isa = PBXTargetDependency;
			target = D30000000000000000000008 /* AgentLimitsWatch */;
			targetProxy = D30000000000000000000017 /* PBXContainerItemProxy */;
		};
		D3000000000000000000001A /* PBXTargetDependency */ = {
			isa = PBXTargetDependency;
			target = D30000000000000000000008 /* AgentLimitsWatch */;
			targetProxy = D30000000000000000000019 /* PBXContainerItemProxy */;
		};
		D3000000000000000000001C /* PBXTargetDependency */ = {
			isa = PBXTargetDependency;
			target = D30000000000000000000008 /* AgentLimitsWatch */;
			targetProxy = D3000000000000000000001B /* PBXContainerItemProxy */;
		};
/* End PBXTargetDependency section */

/* Begin XCBuildConfiguration section */
		A10000000000000000000008 /* Debug */ = {
			isa = XCBuildConfiguration;
			baseConfigurationReference = 7A1B2C3D4E5F678901234567 /* Configurations/DevelopmentTeam.xcconfig */;
			buildSettings = {
				BUNDLE_LOADER = "$(TEST_HOST)";
				CURRENT_PROJECT_VERSION = 1;
				GENERATE_INFOPLIST_FILE = YES;
				MACOSX_DEPLOYMENT_TARGET = 14.0;
				MARKETING_VERSION = 1.0;
				PRODUCT_BUNDLE_IDENTIFIER = com.jimboha.agentlimits.macos.tests;
				PRODUCT_NAME = "$(TARGET_NAME)";
				SWIFT_EMIT_LOC_STRINGS = NO;
				SWIFT_VERSION = 5.0;
				TEST_HOST = "$(BUILT_PRODUCTS_DIR)/AgentLimitsForked.app/Contents/MacOS/AgentLimitsForked";
			};
			name = Debug;
		};
		A10000000000000000000009 /* Release */ = {
			isa = XCBuildConfiguration;
			baseConfigurationReference = 7A1B2C3D4E5F678901234567 /* Configurations/DevelopmentTeam.xcconfig */;
			buildSettings = {
				BUNDLE_LOADER = "$(TEST_HOST)";
				CURRENT_PROJECT_VERSION = 1;
				GENERATE_INFOPLIST_FILE = YES;
				MACOSX_DEPLOYMENT_TARGET = 14.0;
				MARKETING_VERSION = 1.0;
				PRODUCT_BUNDLE_IDENTIFIER = com.jimboha.agentlimits.macos.tests;
				PRODUCT_NAME = "$(TARGET_NAME)";
				SWIFT_EMIT_LOC_STRINGS = NO;
				SWIFT_VERSION = 5.0;
				TEST_HOST = "$(BUILT_PRODUCTS_DIR)/AgentLimitsForked.app/Contents/MacOS/AgentLimitsForked";
			};
			name = Release;
		};
		42D45BA92EF649FF00A51EA8 /* Debug */ = {
			isa = XCBuildConfiguration;
			baseConfigurationReference = 7A1B2C3D4E5F678901234567 /* Configurations/DevelopmentTeam.xcconfig */;
			buildSettings = {
				ALWAYS_SEARCH_USER_PATHS = NO;
				ASSETCATALOG_COMPILER_GENERATE_SWIFT_ASSET_SYMBOL_EXTENSIONS = YES;
				CLANG_ANALYZER_LOCALIZABILITY_NONLOCALIZED = YES;
				CLANG_ANALYZER_NONNULL = YES;
				CLANG_ANALYZER_NUMBER_OBJECT_CONVERSION = YES_AGGRESSIVE;
				CLANG_CXX_LANGUAGE_STANDARD = "gnu++20";
				CLANG_ENABLE_MODULES = YES;
				CLANG_ENABLE_OBJC_ARC = YES;
				CLANG_ENABLE_OBJC_WEAK = YES;
				CLANG_WARN_BLOCK_CAPTURE_AUTORELEASING = YES;
				CLANG_WARN_BOOL_CONVERSION = YES;
				CLANG_WARN_COMMA = YES;
				CLANG_WARN_CONSTANT_CONVERSION = YES;
				CLANG_WARN_DEPRECATED_OBJC_IMPLEMENTATIONS = YES;
				CLANG_WARN_DIRECT_OBJC_ISA_USAGE = YES_ERROR;
				CLANG_WARN_DOCUMENTATION_COMMENTS = YES;
				CLANG_WARN_EMPTY_BODY = YES;
				CLANG_WARN_ENUM_CONVERSION = YES;
				CLANG_WARN_INFINITE_RECURSION = YES;
				CLANG_WARN_INT_CONVERSION = YES;
				CLANG_WARN_NON_LITERAL_NULL_CONVERSION = YES;
				CLANG_WARN_OBJC_IMPLICIT_RETAIN_SELF = YES;
				CLANG_WARN_OBJC_LITERAL_CONVERSION = YES;
				CLANG_WARN_OBJC_ROOT_CLASS = YES_ERROR;
				CLANG_WARN_QUOTED_INCLUDE_IN_FRAMEWORK_HEADER = YES;
				CLANG_WARN_RANGE_LOOP_ANALYSIS = YES;
				CLANG_WARN_STRICT_PROTOTYPES = YES;
				CLANG_WARN_SUSPICIOUS_MOVE = YES;
				CLANG_WARN_UNGUARDED_AVAILABILITY = YES_AGGRESSIVE;
				CLANG_WARN_UNREACHABLE_CODE = YES;
				CLANG_WARN__DUPLICATE_METHOD_MATCH = YES;
				COPY_PHASE_STRIP = NO;
				DEAD_CODE_STRIPPING = YES;
				DEBUG_INFORMATION_FORMAT = dwarf;
				ENABLE_STRICT_OBJC_MSGSEND = YES;
				ENABLE_TESTABILITY = YES;
				ENABLE_USER_SCRIPT_SANDBOXING = YES;
				GCC_C_LANGUAGE_STANDARD = gnu17;
				GCC_DYNAMIC_NO_PIC = NO;
				GCC_NO_COMMON_BLOCKS = YES;
				GCC_OPTIMIZATION_LEVEL = 0;
				GCC_PREPROCESSOR_DEFINITIONS = (
					"DEBUG=1",
					"$(inherited)",
				);
				GCC_WARN_64_TO_32_BIT_CONVERSION = YES;
				GCC_WARN_ABOUT_RETURN_TYPE = YES_ERROR;
				GCC_WARN_UNDECLARED_SELECTOR = YES;
				GCC_WARN_UNINITIALIZED_AUTOS = YES_AGGRESSIVE;
				GCC_WARN_UNUSED_FUNCTION = YES;
				GCC_WARN_UNUSED_VARIABLE = YES;
				LOCALIZATION_PREFERS_STRING_CATALOGS = YES;
				MACOSX_DEPLOYMENT_TARGET = 14.0;
				MTL_ENABLE_DEBUG_INFO = INCLUDE_SOURCE;
				MTL_FAST_MATH = YES;
				ONLY_ACTIVE_ARCH = YES;
				SDKROOT = macosx;
				STRING_CATALOG_GENERATE_SYMBOLS = YES;
				SWIFT_ACTIVE_COMPILATION_CONDITIONS = "DEBUG $(inherited)";
				SWIFT_OPTIMIZATION_LEVEL = "-Onone";
			};
			name = Debug;
		};
		42D45BAA2EF649FF00A51EA8 /* Release */ = {
			isa = XCBuildConfiguration;
			baseConfigurationReference = 7A1B2C3D4E5F678901234567 /* Configurations/DevelopmentTeam.xcconfig */;
			buildSettings = {
				ALWAYS_SEARCH_USER_PATHS = NO;
				ASSETCATALOG_COMPILER_GENERATE_SWIFT_ASSET_SYMBOL_EXTENSIONS = YES;
				CLANG_ANALYZER_LOCALIZABILITY_NONLOCALIZED = YES;
				CLANG_ANALYZER_NONNULL = YES;
				CLANG_ANALYZER_NUMBER_OBJECT_CONVERSION = YES_AGGRESSIVE;
				CLANG_CXX_LANGUAGE_STANDARD = "gnu++20";
				CLANG_ENABLE_MODULES = YES;
				CLANG_ENABLE_OBJC_ARC = YES;
				CLANG_ENABLE_OBJC_WEAK = YES;
				CLANG_WARN_BLOCK_CAPTURE_AUTORELEASING = YES;
				CLANG_WARN_BOOL_CONVERSION = YES;
				CLANG_WARN_COMMA = YES;
				CLANG_WARN_CONSTANT_CONVERSION = YES;
				CLANG_WARN_DEPRECATED_OBJC_IMPLEMENTATIONS = YES;
				CLANG_WARN_DIRECT_OBJC_ISA_USAGE = YES_ERROR;
				CLANG_WARN_DOCUMENTATION_COMMENTS = YES;
				CLANG_WARN_EMPTY_BODY = YES;
				CLANG_WARN_ENUM_CONVERSION = YES;
				CLANG_WARN_INFINITE_RECURSION = YES;
				CLANG_WARN_INT_CONVERSION = YES;
				CLANG_WARN_NON_LITERAL_NULL_CONVERSION = YES;
				CLANG_WARN_OBJC_IMPLICIT_RETAIN_SELF = YES;
				CLANG_WARN_OBJC_LITERAL_CONVERSION = YES;
				CLANG_WARN_OBJC_ROOT_CLASS = YES_ERROR;
				CLANG_WARN_QUOTED_INCLUDE_IN_FRAMEWORK_HEADER = YES;
				CLANG_WARN_RANGE_LOOP_ANALYSIS = YES;
				CLANG_WARN_STRICT_PROTOTYPES = YES;
				CLANG_WARN_SUSPICIOUS_MOVE = YES;
				CLANG_WARN_UNGUARDED_AVAILABILITY = YES_AGGRESSIVE;
				CLANG_WARN_UNREACHABLE_CODE = YES;
				CLANG_WARN__DUPLICATE_METHOD_MATCH = YES;
				COPY_PHASE_STRIP = NO;
				DEAD_CODE_STRIPPING = YES;
				DEBUG_INFORMATION_FORMAT = "dwarf-with-dsym";
				ENABLE_NS_ASSERTIONS = NO;
				ENABLE_STRICT_OBJC_MSGSEND = YES;
				ENABLE_USER_SCRIPT_SANDBOXING = YES;
				GCC_C_LANGUAGE_STANDARD = gnu17;
				GCC_NO_COMMON_BLOCKS = YES;
				GCC_WARN_64_TO_32_BIT_CONVERSION = YES;
				GCC_WARN_ABOUT_RETURN_TYPE = YES_ERROR;
				GCC_WARN_UNDECLARED_SELECTOR = YES;
				GCC_WARN_UNINITIALIZED_AUTOS = YES_AGGRESSIVE;
				GCC_WARN_UNUSED_FUNCTION = YES;
				GCC_WARN_UNUSED_VARIABLE = YES;
				LOCALIZATION_PREFERS_STRING_CATALOGS = YES;
				MACOSX_DEPLOYMENT_TARGET = 14.0;
				MTL_ENABLE_DEBUG_INFO = NO;
				MTL_FAST_MATH = YES;
				SDKROOT = macosx;
				STRING_CATALOG_GENERATE_SYMBOLS = YES;
				SWIFT_COMPILATION_MODE = wholemodule;
			};
			name = Release;
		};
		42D45BAC2EF649FF00A51EA8 /* Debug */ = {
			isa = XCBuildConfiguration;
			baseConfigurationReference = 7A1B2C3D4E5F678901234567 /* Configurations/DevelopmentTeam.xcconfig */;
			buildSettings = {
				ASSETCATALOG_COMPILER_APPICON_NAME = agentlimits;
				ASSETCATALOG_COMPILER_GLOBAL_ACCENT_COLOR_NAME = AccentColor;
				ASSETCATALOG_COMPILER_INCLUDE_ALL_APPICON_ASSETS = YES;
				CODE_SIGN_ALLOW_ENTITLEMENTS_MODIFICATION = YES;
				CODE_SIGN_ENTITLEMENTS = AgentLimits/AgentLimits.entitlements;
				COMBINE_HIDPI_IMAGES = YES;
				CURRENT_PROJECT_VERSION = 16;
				DEAD_CODE_STRIPPING = YES;
				ENABLE_APP_SANDBOX = NO;
				ENABLE_HARDENED_RUNTIME = YES;
				ENABLE_PREVIEWS = YES;
				GENERATE_INFOPLIST_FILE = YES;
				INFOPLIST_FILE = AgentLimits/Info.plist;
				INFOPLIST_KEY_CFBundleDisplayName = "AgentLimits Forked";
				INFOPLIST_KEY_CFBundleName = AgentLimitsForked;
				INFOPLIST_KEY_LSApplicationCategoryType = "public.app-category.utilities";
				INFOPLIST_KEY_LSUIElement = YES;
				LD_RUNPATH_SEARCH_PATHS = (
					"$(inherited)",
					"@executable_path/../Frameworks",
				);
				MACOSX_DEPLOYMENT_TARGET = 14.0;
				MARKETING_VERSION = 1.1.6;
				PRODUCT_BUNDLE_IDENTIFIER = com.jimboha.agentlimits.macos;
				PRODUCT_MODULE_NAME = AgentLimits;
				PRODUCT_NAME = AgentLimitsForked;
				REGISTER_APP_GROUPS = YES;
				STRING_CATALOG_GENERATE_SYMBOLS = YES;
				SWIFT_APPROACHABLE_CONCURRENCY = YES;
				SWIFT_DEFAULT_ACTOR_ISOLATION = MainActor;
				SWIFT_EMIT_LOC_STRINGS = YES;
				SWIFT_UPCOMING_FEATURE_MEMBER_IMPORT_VISIBILITY = YES;
				SWIFT_VERSION = 5.0;
			};
			name = Debug;
		};
		42D45BAD2EF649FF00A51EA8 /* Release */ = {
			isa = XCBuildConfiguration;
			baseConfigurationReference = 7A1B2C3D4E5F678901234567 /* Configurations/DevelopmentTeam.xcconfig */;
			buildSettings = {
				ASSETCATALOG_COMPILER_APPICON_NAME = agentlimits;
				ASSETCATALOG_COMPILER_GLOBAL_ACCENT_COLOR_NAME = AccentColor;
				ASSETCATALOG_COMPILER_INCLUDE_ALL_APPICON_ASSETS = YES;
				CODE_SIGN_ENTITLEMENTS = AgentLimits/AgentLimits.entitlements;
				COMBINE_HIDPI_IMAGES = YES;
				CURRENT_PROJECT_VERSION = 16;
				DEAD_CODE_STRIPPING = YES;
				ENABLE_APP_SANDBOX = NO;
				ENABLE_HARDENED_RUNTIME = YES;
				ENABLE_PREVIEWS = YES;
				GENERATE_INFOPLIST_FILE = YES;
				INFOPLIST_FILE = AgentLimits/Info.plist;
				INFOPLIST_KEY_CFBundleDisplayName = "AgentLimits Forked";
				INFOPLIST_KEY_CFBundleName = AgentLimitsForked;
				INFOPLIST_KEY_LSApplicationCategoryType = "public.app-category.utilities";
				INFOPLIST_KEY_LSUIElement = YES;
				LD_RUNPATH_SEARCH_PATHS = (
					"$(inherited)",
					"@executable_path/../Frameworks",
				);
				MACOSX_DEPLOYMENT_TARGET = 14.0;
				MARKETING_VERSION = 1.1.6;
				PRODUCT_BUNDLE_IDENTIFIER = com.jimboha.agentlimits.macos;
				PRODUCT_MODULE_NAME = AgentLimits;
				PRODUCT_NAME = AgentLimitsForked;
				REGISTER_APP_GROUPS = YES;
				STRING_CATALOG_GENERATE_SYMBOLS = YES;
				SWIFT_APPROACHABLE_CONCURRENCY = YES;
				SWIFT_DEFAULT_ACTOR_ISOLATION = MainActor;
				SWIFT_EMIT_LOC_STRINGS = YES;
				SWIFT_UPCOMING_FEATURE_MEMBER_IMPORT_VISIBILITY = YES;
				SWIFT_VERSION = 5.0;
			};
			name = Release;
		};
		42D45BCF2EF64A5100A51EA8 /* Debug */ = {
			isa = XCBuildConfiguration;
			baseConfigurationReference = 7A1B2C3D4E5F678901234567 /* Configurations/DevelopmentTeam.xcconfig */;
			buildSettings = {
				ASSETCATALOG_COMPILER_GLOBAL_ACCENT_COLOR_NAME = AccentColor;
				ASSETCATALOG_COMPILER_WIDGET_BACKGROUND_COLOR_NAME = WidgetBackground;
				CODE_SIGN_ENTITLEMENTS = AgentLimitsWidget/AgentLimitsWidget.entitlements;
				CURRENT_PROJECT_VERSION = 16;
				DEAD_CODE_STRIPPING = YES;
				ENABLE_APP_SANDBOX = YES;
				ENABLE_HARDENED_RUNTIME = YES;
				GENERATE_INFOPLIST_FILE = YES;
				INFOPLIST_FILE = AgentLimitsWidget/Info.plist;
				INFOPLIST_KEY_CFBundleDisplayName = AgentLimitsWidget;
				LD_RUNPATH_SEARCH_PATHS = (
					"$(inherited)",
					"@executable_path/../Frameworks",
					"@executable_path/../../../../Frameworks",
				);
				MACOSX_DEPLOYMENT_TARGET = 14.0;
				MARKETING_VERSION = 1.1.6;
				PRODUCT_BUNDLE_IDENTIFIER = com.jimboha.agentlimits.macos.widget;
				PRODUCT_NAME = "$(TARGET_NAME)";
				REGISTER_APP_GROUPS = YES;
				SKIP_INSTALL = YES;
				STRING_CATALOG_GENERATE_SYMBOLS = YES;
				SWIFT_APPROACHABLE_CONCURRENCY = YES;
				SWIFT_EMIT_LOC_STRINGS = YES;
				SWIFT_UPCOMING_FEATURE_MEMBER_IMPORT_VISIBILITY = YES;
				SWIFT_VERSION = 5.0;
			};
			name = Debug;
		};
		42D45BD02EF64A5100A51EA8 /* Release */ = {
			isa = XCBuildConfiguration;
			baseConfigurationReference = 7A1B2C3D4E5F678901234567 /* Configurations/DevelopmentTeam.xcconfig */;
			buildSettings = {
				ASSETCATALOG_COMPILER_GLOBAL_ACCENT_COLOR_NAME = AccentColor;
				ASSETCATALOG_COMPILER_WIDGET_BACKGROUND_COLOR_NAME = WidgetBackground;
				CODE_SIGN_ENTITLEMENTS = AgentLimitsWidget/AgentLimitsWidget.entitlements;
				CURRENT_PROJECT_VERSION = 16;
				DEAD_CODE_STRIPPING = YES;
				ENABLE_APP_SANDBOX = YES;
				ENABLE_HARDENED_RUNTIME = YES;
				GENERATE_INFOPLIST_FILE = YES;
				INFOPLIST_FILE = AgentLimitsWidget/Info.plist;
				INFOPLIST_KEY_CFBundleDisplayName = AgentLimitsWidget;
				LD_RUNPATH_SEARCH_PATHS = (
					"$(inherited)",
					"@executable_path/../Frameworks",
					"@executable_path/../../../../Frameworks",
				);
				MACOSX_DEPLOYMENT_TARGET = 14.0;
				MARKETING_VERSION = 1.1.6;
				PRODUCT_BUNDLE_IDENTIFIER = com.jimboha.agentlimits.macos.widget;
				PRODUCT_NAME = "$(TARGET_NAME)";
				REGISTER_APP_GROUPS = YES;
				SKIP_INSTALL = YES;
				STRING_CATALOG_GENERATE_SYMBOLS = YES;
				SWIFT_APPROACHABLE_CONCURRENCY = YES;
				SWIFT_EMIT_LOC_STRINGS = YES;
				SWIFT_UPCOMING_FEATURE_MEMBER_IMPORT_VISIBILITY = YES;
				SWIFT_VERSION = 5.0;
			};
			name = Release;
		};
		B20000000000000000000028 /* Debug */ = {
			isa = XCBuildConfiguration;
			baseConfigurationReference = 7A1B2C3D4E5F678901234567 /* Configurations/DevelopmentTeam.xcconfig */;
			buildSettings = {
				ASSETCATALOG_COMPILER_APPICON_NAME = agentlimits;
				CURRENT_PROJECT_VERSION = 16;
				DEAD_CODE_STRIPPING = YES;
				ENABLE_PREVIEWS = YES;
				GENERATE_INFOPLIST_FILE = YES;
				INFOPLIST_FILE = AgentLimitsiOS/Info.plist;
				INFOPLIST_KEY_CFBundleDisplayName = "AgentLimits Forked";
				INFOPLIST_KEY_LSApplicationCategoryType = "public.app-category.utilities";
				INFOPLIST_KEY_UIApplicationSceneManifest_Generation = YES;
				INFOPLIST_KEY_UIApplicationSupportsIndirectInputEvents = YES;
				INFOPLIST_KEY_UILaunchScreen_Generation = YES;
				IPHONEOS_DEPLOYMENT_TARGET = 17.0;
				MARKETING_VERSION = 1.1.6;
				PRODUCT_BUNDLE_IDENTIFIER = com.jimboha.agentlimits.ios;
				PRODUCT_MODULE_NAME = AgentLimitsiOS;
				PRODUCT_NAME = AgentLimits;
				SDKROOT = iphoneos;
				SUPPORTED_PLATFORMS = "iphoneos iphonesimulator";
				SUPPORTS_MACCATALYST = NO;
				SUPPORTS_MAC_DESIGNED_FOR_IPHONE_IPAD = NO;
				SWIFT_APPROACHABLE_CONCURRENCY = YES;
				SWIFT_DEFAULT_ACTOR_ISOLATION = MainActor;
				SWIFT_EMIT_LOC_STRINGS = YES;
				SWIFT_STRICT_CONCURRENCY = complete;
				SWIFT_UPCOMING_FEATURE_MEMBER_IMPORT_VISIBILITY = YES;
				SWIFT_VERSION = 5.0;
				TARGETED_DEVICE_FAMILY = "1,2";
			};
			name = Debug;
		};
		B20000000000000000000029 /* Release */ = {
			isa = XCBuildConfiguration;
			baseConfigurationReference = 7A1B2C3D4E5F678901234567 /* Configurations/DevelopmentTeam.xcconfig */;
			buildSettings = {
				ASSETCATALOG_COMPILER_APPICON_NAME = agentlimits;
				CURRENT_PROJECT_VERSION = 16;
				DEAD_CODE_STRIPPING = YES;
				ENABLE_PREVIEWS = YES;
				GENERATE_INFOPLIST_FILE = YES;
				INFOPLIST_FILE = AgentLimitsiOS/Info.plist;
				INFOPLIST_KEY_CFBundleDisplayName = "AgentLimits Forked";
				INFOPLIST_KEY_LSApplicationCategoryType = "public.app-category.utilities";
				INFOPLIST_KEY_UIApplicationSceneManifest_Generation = YES;
				INFOPLIST_KEY_UIApplicationSupportsIndirectInputEvents = YES;
				INFOPLIST_KEY_UILaunchScreen_Generation = YES;
				IPHONEOS_DEPLOYMENT_TARGET = 17.0;
				MARKETING_VERSION = 1.1.6;
				PRODUCT_BUNDLE_IDENTIFIER = com.jimboha.agentlimits.ios;
				PRODUCT_MODULE_NAME = AgentLimitsiOS;
				PRODUCT_NAME = AgentLimits;
				SDKROOT = iphoneos;
				SUPPORTED_PLATFORMS = "iphoneos iphonesimulator";
				SUPPORTS_MACCATALYST = NO;
				SUPPORTS_MAC_DESIGNED_FOR_IPHONE_IPAD = NO;
				SWIFT_APPROACHABLE_CONCURRENCY = YES;
				SWIFT_DEFAULT_ACTOR_ISOLATION = MainActor;
				SWIFT_EMIT_LOC_STRINGS = YES;
				SWIFT_STRICT_CONCURRENCY = complete;
				SWIFT_UPCOMING_FEATURE_MEMBER_IMPORT_VISIBILITY = YES;
				SWIFT_VERSION = 5.0;
				TARGETED_DEVICE_FAMILY = "1,2";
			};
			name = Release;
		};
		B20000000000000000000031 /* Debug */ = {
			isa = XCBuildConfiguration;
			baseConfigurationReference = 7A1B2C3D4E5F678901234567 /* Configurations/DevelopmentTeam.xcconfig */;
			buildSettings = {
				BUNDLE_LOADER = "$(TEST_HOST)";
				CURRENT_PROJECT_VERSION = 1;
				GENERATE_INFOPLIST_FILE = YES;
				IPHONEOS_DEPLOYMENT_TARGET = 17.0;
				MARKETING_VERSION = 1.0;
				PRODUCT_BUNDLE_IDENTIFIER = com.jimboha.agentlimits.ios.tests;
				PRODUCT_NAME = "$(TARGET_NAME)";
				SDKROOT = iphoneos;
				SUPPORTED_PLATFORMS = "iphoneos iphonesimulator";
				SWIFT_DEFAULT_ACTOR_ISOLATION = nonisolated;
				SWIFT_STRICT_CONCURRENCY = complete;
				SWIFT_VERSION = 5.0;
				TARGETED_DEVICE_FAMILY = "1,2";
				TEST_HOST = "$(BUILT_PRODUCTS_DIR)/AgentLimits.app/AgentLimits";
			};
			name = Debug;
		};
		B20000000000000000000032 /* Release */ = {
			isa = XCBuildConfiguration;
			baseConfigurationReference = 7A1B2C3D4E5F678901234567 /* Configurations/DevelopmentTeam.xcconfig */;
			buildSettings = {
				BUNDLE_LOADER = "$(TEST_HOST)";
				CURRENT_PROJECT_VERSION = 1;
				GENERATE_INFOPLIST_FILE = YES;
				IPHONEOS_DEPLOYMENT_TARGET = 17.0;
				MARKETING_VERSION = 1.0;
				PRODUCT_BUNDLE_IDENTIFIER = com.jimboha.agentlimits.ios.tests;
				PRODUCT_NAME = "$(TARGET_NAME)";
				SDKROOT = iphoneos;
				SUPPORTED_PLATFORMS = "iphoneos iphonesimulator";
				SWIFT_DEFAULT_ACTOR_ISOLATION = nonisolated;
				SWIFT_STRICT_CONCURRENCY = complete;
				SWIFT_VERSION = 5.0;
				TARGETED_DEVICE_FAMILY = "1,2";
				TEST_HOST = "$(BUILT_PRODUCTS_DIR)/AgentLimits.app/AgentLimits";
			};
			name = Release;
		};
		B20000000000000000000034 /* Debug */ = {
			isa = XCBuildConfiguration;
			baseConfigurationReference = 7A1B2C3D4E5F678901234567 /* Configurations/DevelopmentTeam.xcconfig */;
			buildSettings = {
				CURRENT_PROJECT_VERSION = 1;
				GENERATE_INFOPLIST_FILE = YES;
				IPHONEOS_DEPLOYMENT_TARGET = 17.0;
				MARKETING_VERSION = 1.0;
				PRODUCT_BUNDLE_IDENTIFIER = com.jimboha.agentlimits.ios.uitests;
				PRODUCT_NAME = "$(TARGET_NAME)";
				SDKROOT = iphoneos;
				SUPPORTED_PLATFORMS = "iphoneos iphonesimulator";
				SWIFT_DEFAULT_ACTOR_ISOLATION = nonisolated;
				SWIFT_STRICT_CONCURRENCY = complete;
				SWIFT_VERSION = 5.0;
				TARGETED_DEVICE_FAMILY = "1,2";
				TEST_TARGET_NAME = AgentLimitsiOS;
			};
			name = Debug;
		};
		B20000000000000000000035 /* Release */ = {
			isa = XCBuildConfiguration;
			baseConfigurationReference = 7A1B2C3D4E5F678901234567 /* Configurations/DevelopmentTeam.xcconfig */;
			buildSettings = {
				CURRENT_PROJECT_VERSION = 1;
				GENERATE_INFOPLIST_FILE = YES;
				IPHONEOS_DEPLOYMENT_TARGET = 17.0;
				MARKETING_VERSION = 1.0;
				PRODUCT_BUNDLE_IDENTIFIER = com.jimboha.agentlimits.ios.uitests;
				PRODUCT_NAME = "$(TARGET_NAME)";
				SDKROOT = iphoneos;
				SUPPORTED_PLATFORMS = "iphoneos iphonesimulator";
				SWIFT_DEFAULT_ACTOR_ISOLATION = nonisolated;
				SWIFT_STRICT_CONCURRENCY = complete;
				SWIFT_VERSION = 5.0;
				TARGETED_DEVICE_FAMILY = "1,2";
				TEST_TARGET_NAME = AgentLimitsiOS;
			};
			name = Release;
		};
		D3000000000000000000001D /* Debug */ = {
			isa = XCBuildConfiguration;
			baseConfigurationReference = 7A1B2C3D4E5F678901234567 /* Configurations/DevelopmentTeam.xcconfig */;
			buildSettings = {
				ASSETCATALOG_COMPILER_APPICON_NAME = agentlimits;
				CURRENT_PROJECT_VERSION = 16;
				DEAD_CODE_STRIPPING = YES;
				ENABLE_PREVIEWS = YES;
				GENERATE_INFOPLIST_FILE = YES;
				INFOPLIST_FILE = AgentLimitsWatch/Info.plist;
				INFOPLIST_KEY_CFBundleDisplayName = "AgentLimits Forked";
				INFOPLIST_KEY_UISupportedInterfaceOrientations = "UIInterfaceOrientationPortrait UIInterfaceOrientationPortraitUpsideDown";
				INFOPLIST_KEY_WKCompanionAppBundleIdentifier = com.jimboha.agentlimits.ios;
				INFOPLIST_KEY_WKRunsIndependentlyOfCompanionApp = NO;
				LD_RUNPATH_SEARCH_PATHS = "$(inherited) @executable_path/Frameworks";
				MARKETING_VERSION = 1.1.6;
				PRODUCT_BUNDLE_IDENTIFIER = com.jimboha.agentlimits.ios.watchkitapp;
				PRODUCT_MODULE_NAME = AgentLimitsWatch;
				PRODUCT_NAME = AgentLimitsWatch;
				SDKROOT = watchos;
				SKIP_INSTALL = YES;
				SUPPORTED_PLATFORMS = "watchos watchsimulator";
				SWIFT_APPROACHABLE_CONCURRENCY = YES;
				SWIFT_DEFAULT_ACTOR_ISOLATION = MainActor;
				SWIFT_EMIT_LOC_STRINGS = YES;
				SWIFT_STRICT_CONCURRENCY = complete;
				SWIFT_UPCOMING_FEATURE_MEMBER_IMPORT_VISIBILITY = YES;
				SWIFT_VERSION = 5.0;
				TARGETED_DEVICE_FAMILY = 4;
				WATCHOS_DEPLOYMENT_TARGET = 10.0;
			};
			name = Debug;
		};
		D3000000000000000000001E /* Release */ = {
			isa = XCBuildConfiguration;
			baseConfigurationReference = 7A1B2C3D4E5F678901234567 /* Configurations/DevelopmentTeam.xcconfig */;
			buildSettings = {
				ASSETCATALOG_COMPILER_APPICON_NAME = agentlimits;
				CURRENT_PROJECT_VERSION = 16;
				DEAD_CODE_STRIPPING = YES;
				ENABLE_PREVIEWS = YES;
				GENERATE_INFOPLIST_FILE = YES;
				INFOPLIST_FILE = AgentLimitsWatch/Info.plist;
				INFOPLIST_KEY_CFBundleDisplayName = "AgentLimits Forked";
				INFOPLIST_KEY_UISupportedInterfaceOrientations = "UIInterfaceOrientationPortrait UIInterfaceOrientationPortraitUpsideDown";
				INFOPLIST_KEY_WKCompanionAppBundleIdentifier = com.jimboha.agentlimits.ios;
				INFOPLIST_KEY_WKRunsIndependentlyOfCompanionApp = NO;
				LD_RUNPATH_SEARCH_PATHS = "$(inherited) @executable_path/Frameworks";
				MARKETING_VERSION = 1.1.6;
				PRODUCT_BUNDLE_IDENTIFIER = com.jimboha.agentlimits.ios.watchkitapp;
				PRODUCT_MODULE_NAME = AgentLimitsWatch;
				PRODUCT_NAME = AgentLimitsWatch;
				SDKROOT = watchos;
				SKIP_INSTALL = YES;
				SUPPORTED_PLATFORMS = "watchos watchsimulator";
				SWIFT_APPROACHABLE_CONCURRENCY = YES;
				SWIFT_DEFAULT_ACTOR_ISOLATION = MainActor;
				SWIFT_EMIT_LOC_STRINGS = YES;
				SWIFT_STRICT_CONCURRENCY = complete;
				SWIFT_UPCOMING_FEATURE_MEMBER_IMPORT_VISIBILITY = YES;
				SWIFT_VERSION = 5.0;
				TARGETED_DEVICE_FAMILY = 4;
				VALIDATE_PRODUCT = YES;
				WATCHOS_DEPLOYMENT_TARGET = 10.0;
			};
			name = Release;
		};
		D30000000000000000000020 /* Debug */ = {
			isa = XCBuildConfiguration;
			baseConfigurationReference = 7A1B2C3D4E5F678901234567 /* Configurations/DevelopmentTeam.xcconfig */;
			buildSettings = {
				BUNDLE_LOADER = "$(TEST_HOST)";
				CURRENT_PROJECT_VERSION = 1;
				GENERATE_INFOPLIST_FILE = YES;
				MARKETING_VERSION = 1.0;
				PRODUCT_BUNDLE_IDENTIFIER = com.jimboha.agentlimits.ios.watchkitapp.tests;
				PRODUCT_NAME = "$(TARGET_NAME)";
				SDKROOT = watchos;
				SUPPORTED_PLATFORMS = "watchos watchsimulator";
				SWIFT_DEFAULT_ACTOR_ISOLATION = nonisolated;
				SWIFT_STRICT_CONCURRENCY = complete;
				SWIFT_VERSION = 5.0;
				TARGETED_DEVICE_FAMILY = 4;
				TEST_HOST = "$(BUILT_PRODUCTS_DIR)/AgentLimitsWatch.app/AgentLimitsWatch";
				WATCHOS_DEPLOYMENT_TARGET = 10.0;
			};
			name = Debug;
		};
		D30000000000000000000021 /* Release */ = {
			isa = XCBuildConfiguration;
			baseConfigurationReference = 7A1B2C3D4E5F678901234567 /* Configurations/DevelopmentTeam.xcconfig */;
			buildSettings = {
				BUNDLE_LOADER = "$(TEST_HOST)";
				CURRENT_PROJECT_VERSION = 1;
				GENERATE_INFOPLIST_FILE = YES;
				MARKETING_VERSION = 1.0;
				PRODUCT_BUNDLE_IDENTIFIER = com.jimboha.agentlimits.ios.watchkitapp.tests;
				PRODUCT_NAME = "$(TARGET_NAME)";
				SDKROOT = watchos;
				SUPPORTED_PLATFORMS = "watchos watchsimulator";
				SWIFT_DEFAULT_ACTOR_ISOLATION = nonisolated;
				SWIFT_STRICT_CONCURRENCY = complete;
				SWIFT_VERSION = 5.0;
				TARGETED_DEVICE_FAMILY = 4;
				TEST_HOST = "$(BUILT_PRODUCTS_DIR)/AgentLimitsWatch.app/AgentLimitsWatch";
				WATCHOS_DEPLOYMENT_TARGET = 10.0;
			};
			name = Release;
		};
		D30000000000000000000023 /* Debug */ = {
			isa = XCBuildConfiguration;
			baseConfigurationReference = 7A1B2C3D4E5F678901234567 /* Configurations/DevelopmentTeam.xcconfig */;
			buildSettings = {
				CURRENT_PROJECT_VERSION = 1;
				GENERATE_INFOPLIST_FILE = YES;
				MARKETING_VERSION = 1.0;
				PRODUCT_BUNDLE_IDENTIFIER = com.jimboha.agentlimits.ios.watchkitapp.uitests;
				PRODUCT_NAME = "$(TARGET_NAME)";
				SDKROOT = watchos;
				SUPPORTED_PLATFORMS = "watchos watchsimulator";
				SWIFT_DEFAULT_ACTOR_ISOLATION = nonisolated;
				SWIFT_STRICT_CONCURRENCY = complete;
				SWIFT_VERSION = 5.0;
				TARGETED_DEVICE_FAMILY = 4;
				TEST_TARGET_NAME = AgentLimitsWatch;
				WATCHOS_DEPLOYMENT_TARGET = 10.0;
			};
			name = Debug;
		};
		D30000000000000000000024 /* Release */ = {
			isa = XCBuildConfiguration;
			baseConfigurationReference = 7A1B2C3D4E5F678901234567 /* Configurations/DevelopmentTeam.xcconfig */;
			buildSettings = {
				CURRENT_PROJECT_VERSION = 1;
				GENERATE_INFOPLIST_FILE = YES;
				MARKETING_VERSION = 1.0;
				PRODUCT_BUNDLE_IDENTIFIER = com.jimboha.agentlimits.ios.watchkitapp.uitests;
				PRODUCT_NAME = "$(TARGET_NAME)";
				SDKROOT = watchos;
				SUPPORTED_PLATFORMS = "watchos watchsimulator";
				SWIFT_DEFAULT_ACTOR_ISOLATION = nonisolated;
				SWIFT_STRICT_CONCURRENCY = complete;
				SWIFT_VERSION = 5.0;
				TARGETED_DEVICE_FAMILY = 4;
				TEST_TARGET_NAME = AgentLimitsWatch;
				WATCHOS_DEPLOYMENT_TARGET = 10.0;
			};
			name = Release;
		};
/* End XCBuildConfiguration section */

/* Begin XCConfigurationList section */
		A10000000000000000000007 /* Build configuration list for PBXNativeTarget "AgentLimitsTests" */ = {
			isa = XCConfigurationList;
			buildConfigurations = (
				A10000000000000000000008 /* Debug */,
				A10000000000000000000009 /* Release */,
			);
			defaultConfigurationIsVisible = 0;
			defaultConfigurationName = Release;
		};
		42D45B852EF649FD00A51EA8 /* Build configuration list for PBXProject "AgentLimits" */ = {
			isa = XCConfigurationList;
			buildConfigurations = (
				42D45BA92EF649FF00A51EA8 /* Debug */,
				42D45BAA2EF649FF00A51EA8 /* Release */,
			);
			defaultConfigurationIsVisible = 0;
			defaultConfigurationName = Release;
		};
		42D45BAB2EF649FF00A51EA8 /* Build configuration list for PBXNativeTarget "AgentLimits" */ = {
			isa = XCConfigurationList;
			buildConfigurations = (
				42D45BAC2EF649FF00A51EA8 /* Debug */,
				42D45BAD2EF649FF00A51EA8 /* Release */,
			);
			defaultConfigurationIsVisible = 0;
			defaultConfigurationName = Release;
		};
		42D45BCE2EF64A5100A51EA8 /* Build configuration list for PBXNativeTarget "AgentLimitsWidgetExtension" */ = {
			isa = XCConfigurationList;
			buildConfigurations = (
				42D45BCF2EF64A5100A51EA8 /* Debug */,
				42D45BD02EF64A5100A51EA8 /* Release */,
			);
			defaultConfigurationIsVisible = 0;
			defaultConfigurationName = Release;
		};
		B20000000000000000000030 /* Build configuration list for PBXNativeTarget "AgentLimitsiOS" */ = {
			isa = XCConfigurationList;
			buildConfigurations = (
				B20000000000000000000028 /* Debug */,
				B20000000000000000000029 /* Release */,
			);
			defaultConfigurationIsVisible = 0;
			defaultConfigurationName = Release;
		};
		B20000000000000000000033 /* Build configuration list for PBXNativeTarget "AgentLimitsiOSTests" */ = {
			isa = XCConfigurationList;
			buildConfigurations = (
				B20000000000000000000031 /* Debug */,
				B20000000000000000000032 /* Release */,
			);
			defaultConfigurationIsVisible = 0;
			defaultConfigurationName = Release;
		};
		B20000000000000000000036 /* Build configuration list for PBXNativeTarget "AgentLimitsiOSUITests" */ = {
			isa = XCConfigurationList;
			buildConfigurations = (
				B20000000000000000000034 /* Debug */,
				B20000000000000000000035 /* Release */,
			);
			defaultConfigurationIsVisible = 0;
			defaultConfigurationName = Release;
		};
		D3000000000000000000001F /* Build configuration list for PBXNativeTarget "AgentLimitsWatch" */ = {
			isa = XCConfigurationList;
			buildConfigurations = (
				D3000000000000000000001D /* Debug */,
				D3000000000000000000001E /* Release */,
			);
			defaultConfigurationIsVisible = 0;
			defaultConfigurationName = Release;
		};
		D30000000000000000000022 /* Build configuration list for PBXNativeTarget "AgentLimitsWatchTests" */ = {
			isa = XCConfigurationList;
			buildConfigurations = (
				D30000000000000000000020 /* Debug */,
				D30000000000000000000021 /* Release */,
			);
			defaultConfigurationIsVisible = 0;
			defaultConfigurationName = Release;
		};
		D30000000000000000000025 /* Build configuration list for PBXNativeTarget "AgentLimitsWatchUITests" */ = {
			isa = XCConfigurationList;
			buildConfigurations = (
				D30000000000000000000023 /* Debug */,
				D30000000000000000000024 /* Release */,
			);
			defaultConfigurationIsVisible = 0;
			defaultConfigurationName = Release;
		};
/* End XCConfigurationList section */

/* Begin XCRemoteSwiftPackageReference section */
		42676AEE2FA3BBDD007D7F69 /* XCRemoteSwiftPackageReference "Sparkle" */ = {
			isa = XCRemoteSwiftPackageReference;
			repositoryURL = "https://github.com/sparkle-project/Sparkle";
			requirement = {
				kind = upToNextMajorVersion;
				minimumVersion = 2.9.4;
			};
		};
/* End XCRemoteSwiftPackageReference section */

/* Begin XCSwiftPackageProductDependency section */
		42676AEF2FA3BBDD007D7F69 /* Sparkle */ = {
			isa = XCSwiftPackageProductDependency;
			package = 42676AEE2FA3BBDD007D7F69 /* XCRemoteSwiftPackageReference "Sparkle" */;
			productName = Sparkle;
		};
/* End XCSwiftPackageProductDependency section */
	};
	rootObject = 42D45B822EF649FD00A51EA8 /* Project object */;
}
